// !$*UTF8*$!
{
	archiveVersion = 1;
	classes = {
	};
	objectVersion = 46;
	objects = {

/* Begin PBXBuildFile section */
		11EC9ADC1E729CAB000D1994 /* AppDelegate.swift in Sources */ = {isa = PBXBuildFile; fileRef = 11EC9ADB1E729CAB000D1994 /* AppDelegate.swift */; };
		11EC9ADE1E729CAB000D1994 /* RecordViewController.swift in Sources */ = {isa = PBXBuildFile; fileRef = 11EC9ADD1E729CAB000D1994 /* RecordViewController.swift */; };
		11EC9AE11E729CAB000D1994 /* Main.storyboard in Resources */ = {isa = PBXBuildFile; fileRef = 11EC9ADF1E729CAB000D1994 /* Main.storyboard */; };
		11EC9AE31E729CAB000D1994 /* Assets.xcassets in Resources */ = {isa = PBXBuildFile; fileRef = 11EC9AE21E729CAB000D1994 /* Assets.xcassets */; };
		11EC9AE61E729CAB000D1994 /* LaunchScreen.storyboard in Resources */ = {isa = PBXBuildFile; fileRef = 11EC9AE41E729CAB000D1994 /* LaunchScreen.storyboard */; };
		11EC9AEE1E72BB5F000D1994 /* PlayViewController.swift in Sources */ = {isa = PBXBuildFile; fileRef = 11EC9AED1E72BB5F000D1994 /* PlayViewController.swift */; };
		11EC9AF01E72CDD5000D1994 /* PlayViewController+Audio.swift in Sources */ = {isa = PBXBuildFile; fileRef = 11EC9AEF1E72CDD5000D1994 /* PlayViewController+Audio.swift */; };
/* End PBXBuildFile section */

/* Begin PBXFileReference section */
		11EC9AD81E729CAB000D1994 /* PitchPerfect.app */ = {isa = PBXFileReference; explicitFileType = wrapper.application; includeInIndex = 0; path = PitchPerfect.app; sourceTree = BUILT_PRODUCTS_DIR; };
		11EC9ADB1E729CAB000D1994 /* AppDelegate.swift */ = {isa = PBXFileReference; lastKnownFileType = sourcecode.swift; path = AppDelegate.swift; sourceTree = "<group>"; };
		11EC9ADD1E729CAB000D1994 /* RecordViewController.swift */ = {isa = PBXFileReference; lastKnownFileType = sourcecode.swift; path = RecordViewController.swift; sourceTree = "<group>"; };
		11EC9AE01E729CAB000D1994 /* Base */ = {isa = PBXFileReference; lastKnownFileType = file.storyboard; name = Base; path = Base.lproj/Main.storyboard; sourceTree = "<group>"; };
		11EC9AE21E729CAB000D1994 /* Assets.xcassets */ = {isa = PBXFileReference; lastKnownFileType = folder.assetcatalog; path = Assets.xcassets; sourceTree = "<group>"; };
		11EC9AE51E729CAB000D1994 /* Base */ = {isa = PBXFileReference; lastKnownFileType = file.storyboard; name = Base; path = Base.lproj/LaunchScreen.storyboard; sourceTree = "<group>"; };
		11EC9AE71E729CAB000D1994 /* Info.plist */ = {isa = PBXFileReference; lastKnownFileType = text.plist.xml; path = Info.plist; sourceTree = "<group>"; };
		11EC9AED1E72BB5F000D1994 /* PlayViewController.swift */ = {isa = PBXFileReference; fileEncoding = 4; lastKnownFileType = sourcecode.swift; path = PlayViewController.swift; sourceTree = "<group>"; };
		11EC9AEF1E72CDD5000D1994 /* PlayViewController+Audio.swift */ = {isa = PBXFileReference; fileEncoding = 4; lastKnownFileType = sourcecode.swift; path = "PlayViewController+Audio.swift"; sourceTree = "<group>"; };
/* End PBXFileReference section */

/* Begin PBXFrameworksBuildPhase section */
		11EC9AD51E729CAB000D1994 /* Frameworks */ = {
			isa = PBXFrameworksBuildPhase;
			buildActionMask = 2147483647;
			files = (
			);
			runOnlyForDeploymentPostprocessing = 0;
		};
/* End PBXFrameworksBuildPhase section */

/* Begin PBXGroup section */
		11EC9ACF1E729CAB000D1994 = {
			isa = PBXGroup;
			children = (
				11EC9ADA1E729CAB000D1994 /* PitchPerfect */,
				11EC9AD91E729CAB000D1994 /* Products */,
			);
			sourceTree = "<group>";
		};
		11EC9AD91E729CAB000D1994 /* Products */ = {
			isa = PBXGroup;
			children = (
				11EC9AD81E729CAB000D1994 /* PitchPerfect.app */,
			);
			name = Products;
			sourceTree = "<group>";
		};
		11EC9ADA1E729CAB000D1994 /* PitchPerfect */ = {
			isa = PBXGroup;
			children = (
				11EC9ADB1E729CAB000D1994 /* AppDelegate.swift */,
				11EC9ADD1E729CAB000D1994 /* RecordViewController.swift */,
				11EC9ADF1E729CAB000D1994 /* Main.storyboard */,
				11EC9AE21E729CAB000D1994 /* Assets.xcassets */,
				11EC9AE41E729CAB000D1994 /* LaunchScreen.storyboard */,
				11EC9AE71E729CAB000D1994 /* Info.plist */,
				11EC9AED1E72BB5F000D1994 /* PlayViewController.swift */,
				11EC9AEF1E72CDD5000D1994 /* PlayViewController+Audio.swift */,
			);
			path = PitchPerfect;
			sourceTree = "<group>";
		};
/* End PBXGroup section */

/* Begin PBXNativeTarget section */
		11EC9AD71E729CAB000D1994 /* PitchPerfect */ = {
			isa = PBXNativeTarget;
			buildConfigurationList = 11EC9AEA1E729CAB000D1994 /* Build configuration list for PBXNativeTarget "PitchPerfect" */;
			buildPhases = (
				11EC9AD41E729CAB000D1994 /* Sources */,
				11EC9AD51E729CAB000D1994 /* Frameworks */,
				11EC9AD61E729CAB000D1994 /* Resources */,
			);
			buildRules = (
			);
			dependencies = (
			);
			name = PitchPerfect;
			productName = PitchPerfect;
			productReference = 11EC9AD81E729CAB000D1994 /* PitchPerfect.app */;
			productType = "com.apple.product-type.application";
		};
/* End PBXNativeTarget section */

/* Begin PBXProject section */
		11EC9AD01E729CAB000D1994 /* Project object */ = {
			isa = PBXProject;
			attributes = {
				LastSwiftUpdateCheck = 0820;
				LastUpgradeCheck = 0820;
				ORGANIZATIONNAME = Nozary;
				TargetAttributes = {
					11EC9AD71E729CAB000D1994 = {
						CreatedOnToolsVersion = 8.2.1;
						DevelopmentTeam = 2CYX44K4NB;
						ProvisioningStyle = Automatic;
					};
				};
			};
			buildConfigurationList = 11EC9AD31E729CAB000D1994 /* Build configuration list for PBXProject "PitchPerfect" */;
			compatibilityVersion = "Xcode 3.2";
			developmentRegion = English;
			hasScannedForEncodings = 0;
			knownRegions = (
				en,
				Base,
			);
			mainGroup = 11EC9ACF1E729CAB000D1994;
			productRefGroup = 11EC9AD91E729CAB000D1994 /* Products */;
			projectDirPath = "";
			projectRoot = "";
			targets = (
				11EC9AD71E729CAB000D1994 /* PitchPerfect */,
			);
		};
/* End PBXProject section */

/* Begin PBXResourcesBuildPhase section */
		11EC9AD61E729CAB000D1994 /* Resources */ = {
			isa = PBXResourcesBuildPhase;
			buildActionMask = 2147483647;
			files = (
				11EC9AE61E729CAB000D1994 /* LaunchScreen.storyboard in Resources */,
				11EC9AE31E729CAB000D1994 /* Assets.xcassets in Resources */,
				11EC9AE11E729CAB000D1994 /* Main.storyboard in Resources */,
			);
			runOnlyForDeploymentPostprocessing = 0;
		};
/* End PBXResourcesBuildPhase section */

/* Begin PBXSourcesBuildPhase section */
		11EC9AD41E729CAB000D1994 /* Sources */ = {
			isa = PBXSourcesBuildPhase;
			buildActionMask = 2147483647;
			files = (
				11EC9ADE1E729CAB000D1994 /* RecordViewController.swift in Sources */,
				11EC9AEE1E72BB5F000D1994 /* PlayViewController.swift in Sources */,
				11EC9ADC1E729CAB000D1994 /* AppDelegate.swift in Sources */,
				11EC9AF01E72CDD5000D1994 /* PlayViewController+Audio.swift in Sources */,
			);
			runOnlyForDeploymentPostprocessing = 0;
		};
/* End PBXSourcesBuildPhase section */

/* Begin PBXVariantGroup section */
		11EC9ADF1E729CAB000D1994 /* Main.storyboard */ = {
			isa = PBXVariantGroup;
			children = (
				11EC9AE01E729CAB000D1994 /* Base */,
			);
			name = Main.storyboard;
			sourceTree = "<group>";
		};
		11EC9AE41E729CAB000D1994 /* LaunchScreen.storyboard */ = {
			isa = PBXVariantGroup;
			children = (
				11EC9AE51E729CAB000D1994 /* Base */,
			);
			name = LaunchScreen.storyboard;
			sourceTree = "<group>";
		};
/* End PBXVariantGroup section */

/* Begin XCBuildConfiguration section */
		11EC9AE81E729CAB000D1994 /* Debug */ = {
			isa = XCBuildConfiguration;
			buildSettings = {
				ALWAYS_SEARCH_USER_PATHS = NO;
				CLANG_ANALYZER_NONNULL = YES;
				CLANG_CXX_LANGUAGE_STANDARD = "gnu++0x";
				CLANG_CXX_LIBRARY = "libc++";
				CLANG_ENABLE_MODULES = YES;
				CLANG_ENABLE_OBJC_ARC = YES;
				CLANG_WARN_BOOL_CONVERSION = YES;
				CLANG_WARN_CONSTANT_CONVERSION = YES;
				CLANG_WARN_DIRECT_OBJC_ISA_USAGE = YES_ERROR;
				CLANG_WARN_DOCUMENTATION_COMMENTS = YES;
				CLANG_WARN_EMPTY_BODY = YES;
				CLANG_WARN_ENUM_CONVERSION = YES;
				CLANG_WARN_INFINITE_RECURSION = YES;
				CLANG_WARN_INT_CONVERSION = YES;
				CLANG_WARN_OBJC_ROOT_CLASS = YES_ERROR;
				CLANG_WARN_SUSPICIOUS_MOVE = YES;
				CLANG_WARN_UNREACHABLE_CODE = YES;
				CLANG_WARN__DUPLICATE_METHOD_MATCH = YES;
				"CODE_SIGN_IDENTITY[sdk=iphoneos*]" = "iPhone Developer";
				COPY_PHASE_STRIP = NO;
				DEBUG_INFORMATION_FORMAT = dwarf;
				ENABLE_STRICT_OBJC_MSGSEND = YES;
				ENABLE_TESTABILITY = YES;
				GCC_C_LANGUAGE_STANDARD = gnu99;
				GCC_DYNAMIC_NO_PIC = NO;
				GCC_NO_COMMON_BLOCKS = YES;
				GCC_OPTIMIZATION_LEVEL = 0;
				GCC_PREPROCESSOR_DEFINITIONS = (
					"DEBUG=1",
					"$(inherited)",
				);
				GCC_WARN_64_TO_32_BIT_CONVERSION = YES;
				GCC_WARN_ABOUT_RETURN_TYPE = YES_ERROR;
				GCC_WARN_UNDECLARED_SELECTOR = YES;
				GCC_WARN_UNINITIALIZED_AUTOS = YES_AGGRESSIVE;
				GCC_WARN_UNUSED_FUNCTION = YES;
				GCC_WARN_UNUSED_VARIABLE = YES;
				IPHONEOS_DEPLOYMENT_TARGET = 10.2;
				MTL_ENABLE_DEBUG_INFO = YES;
				ONLY_ACTIVE_ARCH = YES;
				SDKROOT = iphoneos;
				SWIFT_ACTIVE_COMPILATION_CONDITIONS = DEBUG;
				SWIFT_OPTIMIZATION_LEVEL = "-Onone";
				TARGETED_DEVICE_FAMILY = "1,2";
			};
			name = Debug;
		};
		11EC9AE91E729CAB000D1994 /* Release */ = {
			isa = XCBuildConfiguration;
			buildSettings = {
				ALWAYS_SEARCH_USER_PATHS = NO;
				CLANG_ANALYZER_NONNULL = YES;
				CLANG_CXX_LANGUAGE_STANDARD = "gnu++0x";
				CLANG_CXX_LIBRARY = "libc++";
				CLANG_ENABLE_MODULES = YES;
				CLANG_ENABLE_OBJC_ARC = YES;
				CLANG_WARN_BOOL_CONVERSION = YES;
				CLANG_WARN_CONSTANT_CONVERSION = YES;
				CLANG_WARN_DIRECT_OBJC_ISA_USAGE = YES_ERROR;
				CLANG_WARN_DOCUMENTATION_COMMENTS = YES;
				CLANG_WARN_EMPTY_BODY = YES;
				CLANG_WARN_ENUM_CONVERSION = YES;
				CLANG_WARN_INFINITE_RECURSION = YES;
				CLANG_WARN_INT_CONVERSION = YES;
				CLANG_WARN_OBJC_ROOT_CLASS = YES_ERROR;
				CLANG_WARN_SUSPICIOUS_MOVE = YES;
				CLANG_WARN_UNREACHABLE_CODE = YES;
				CLANG_WARN__DUPLICATE_METHOD_MATCH = YES;
				"CODE_SIGN_IDENTITY[sdk=iphoneos*]" = "iPhone Developer";
				COPY_PHASE_STRIP = NO;
				DEBUG_INFORMATION_FORMAT = "dwarf-with-dsym";
				ENABLE_NS_ASSERTIONS = NO;
				ENABLE_STRICT_OBJC_MSGSEND = YES;
				GCC_C_LANGUAGE_STANDARD = gnu99;
				GCC_NO_COMMON_BLOCKS = YES;
				GCC_WARN_64_TO_32_BIT_CONVERSION = YES;
				GCC_WARN_ABOUT_RETURN_TYPE = YES_ERROR;
				GCC_WARN_UNDECLARED_SELECTOR = YES;
				GCC_WARN_UNINITIALIZED_AUTOS = YES_AGGRESSIVE;
				GCC_WARN_UNUSED_FUNCTION = YES;
				GCC_WARN_UNUSED_VARIABLE = YES;
				IPHONEOS_DEPLOYMENT_TARGET = 10.2;
				MTL_ENABLE_DEBUG_INFO = NO;
				SDKROOT = iphoneos;
				SWIFT_OPTIMIZATION_LEVEL = "-Owholemodule";
				TARGETED_DEVICE_FAMILY = "1,2";
				VALIDATE_PRODUCT = YES;
			};
			name = Release;
		};
		11EC9AEB1E729CAB000D1994 /* Debug */ = {
			isa = XCBuildConfiguration;
			buildSettings = {
				ASSETCATALOG_COMPILER_APPICON_NAME = AppIcon;
				DEVELOPMENT_TEAM = 2CYX44K4NB;
				INFOPLIST_FILE = PitchPerfect/Info.plist;
				LD_RUNPATH_SEARCH_PATHS = "$(inherited) @executable_path/Frameworks";
				PRODUCT_BUNDLE_IDENTIFIER = com.nozary.PitchPerfect;
				PRODUCT_NAME = "$(TARGET_NAME)";
				SWIFT_VERSION = 3.0;
			};
			name = Debug;
		};
		11EC9AEC1E729CAB000D1994 /* Release */ = {
			isa = XCBuildConfiguration;
			buildSettings = {
				ASSETCATALOG_COMPILER_APPICON_NAME = AppIcon;
				DEVELOPMENT_TEAM = 2CYX44K4NB;
				INFOPLIST_FILE = PitchPerfect/Info.plist;
				LD_RUNPATH_SEARCH_PATHS = "$(inherited) @executable_path/Frameworks";
				PRODUCT_BUNDLE_IDENTIFIER = com.nozary.PitchPerfect;
				PRODUCT_NAME = "$(TARGET_NAME)";
				SWIFT_VERSION = 3.0;
			};
			name = Release;
		};
/* End XCBuildConfiguration section */

/* Begin XCConfigurationList section */
		11EC9AD31E729CAB000D1994 /* Build configuration list for PBXProject "PitchPerfect" */ = {
			isa = XCConfigurationList;
			buildConfigurations = (
				11EC9AE81E729CAB000D1994 /* Debug */,
				11EC9AE91E729CAB000D1994 /* Release */,
			);
			defaultConfigurationIsVisible = 0;
			defaultConfigurationName = Release;
		};
		11EC9AEA1E729CAB000D1994 /* Build configuration list for PBXNativeTarget "PitchPerfect" */ = {
			isa = XCConfigurationList;
			buildConfigurations = (
				11EC9AEB1E729CAB000D1994 /* Debug */,
				11EC9AEC1E729CAB000D1994 /* Release */,
			);
			defaultConfigurationIsVisible = 0;
		};
/* End XCConfigurationList section */
	};
	rootObject = 11EC9AD01E729CAB000D1994 /* Project object */;
}
